{
  "name": "crypto_scraper",
  "lockfileVersion": 3,
  "requires": true,
  "packages": {
    "": {
      "dependencies": {
        "bootstrap": "^5.3.1",
        "chart.js": "^4.4.1",
        "chartjs-adapter-dayjs-4": "^1.0.4",
        "dayjs": "^1.11.10"
      }
    },
    "node_modules/@kurkle/color": {
      "version": "0.3.2",
      "resolved": "https://registry.npmjs.org/@kurkle/color/-/color-0.3.2.tgz",
      "integrity": "sha512-fuscdXJ9G1qb7W8VdHi+IwRqij3lBkosAm4ydQtEmbY58OzHXqQhvlxqEkoz0yssNVn38bcpRWgA9PP+OGoisw=="
    },
    "node_modules/@popperjs/core": {
      "version": "2.11.8",
      "resolved": "https://registry.npmjs.org/@popperjs/core/-/core-2.11.8.tgz",
      "integrity": "sha512-P1st0aksCrn9sGZhp8GMYwBnQsbvAWsZAX44oXNNvLHGqAOcoVxmjZiohstwQ7SqKnbR47akdNi+uleWD8+g6A==",
      "peer": true,
      "funding": {
        "type": "opencollective",
        "url": "https://opencollective.com/popperjs"
      }
    },
    "node_modules/bootstrap": {
      "version": "5.3.1",
      "resolved": "https://registry.npmjs.org/bootstrap/-/bootstrap-5.3.1.tgz",
      "integrity": "sha512-jzwza3Yagduci2x0rr9MeFSORjcHpt0lRZukZPZQJT1Dth5qzV7XcgGqYzi39KGAVYR8QEDVoO0ubFKOxzMG+g==",
      "funding": [
        {
          "type": "github",
          "url": "https://github.com/sponsors/twbs"
        },
        {
          "type": "opencollective",
          "url": "https://opencollective.com/bootstrap"
        }
      ],
      "peerDependencies": {
        "@popperjs/core": "^2.11.8"
      }
    },
    "node_modules/chart.js": {
      "version": "4.4.1",
      "resolved": "https://registry.npmjs.org/chart.js/-/chart.js-4.4.1.tgz",
      "integrity": "sha512-C74QN1bxwV1v2PEujhmKjOZ7iUM4w6BWs23Md/6aOZZSlwMzeCIDGuZay++rBgChYru7/+QFeoQW0fQoP534Dg==",
      "dependencies": {
        "@kurkle/color": "^0.3.0"
      },
      "engines": {
        "pnpm": ">=7"
      }
    },
    "node_modules/chartjs-adapter-dayjs-4": {
      "version": "1.0.4",
      "resolved": "https://registry.npmjs.org/chartjs-adapter-dayjs-4/-/chartjs-adapter-dayjs-4-1.0.4.tgz",
      "integrity": "sha512-yy9BAYW4aNzPVrCWZetbILegTRb7HokhgospPoC3b5iZ5qdlqNmXts2KdSp6AqnjkPAp/YWyHDxLvIvwt5x81w==",
      "engines": {
        "node": ">=10"
      },
      "peerDependencies": {
        "chart.js": ">=4.0.1",
        "dayjs": "^1.9.7"
      }
    },
    "node_modules/dayjs": {
      "version": "1.11.10",
      "resolved": "https://registry.npmjs.org/dayjs/-/dayjs-1.11.10.tgz",
      "integrity": "sha512-vjAczensTgRcqDERK0SR2XMwsF/tSvnvlv6VcF2GIhg6Sx4yOIt/irsr1RDJsKiIyBzJDpCoXiWWq28MqH2cnQ=="
    }
  }
}
